
Microsoft Visual Studio Solution File, Format Version 12.00
# Visual Studio Version 17
VisualStudioVersion = 17.14.36518.9
MinimumVisualStudioVersion = 10.0.40219.1
Project("{2150E333-8FDC-42A3-9474-1A3956D46DE8}") = "Task0", "Task0", "{02EA681E-C7D8-13C7-8484-4AC65E1B71E8}"
EndProject
Project("{FAE04EC0-301F-11D3-BF4B-00C04F79EFBC}") = "Tyuiu.ShaykhelislamovaDA.Sprint4.Task0.V25", "Tyuiu.ShaykhelislamovaDA.Sprint4.Task0.V25\Tyuiu.ShaykhelislamovaDA.Sprint4.Task0.V25.csproj", "{44D505EE-3AD4-428F-BA6C-2B8147800CD1}"
EndProject
Project("{FAE04EC0-301F-11D3-BF4B-00C04F79EFBC}") = "Tyuiu.ShaykhelislamovaDA.Sprint4.Task0.V25.Lib", "Tyuiu.ShaykhelislamovaDA.Sprint4.Task0.V25.Lib\Tyuiu.ShaykhelislamovaDA.Sprint4.Task0.V25.Lib.csproj", "{E94F3016-4871-4BF9-81B9-F534246BEA20}"
EndProject
Project("{FAE04EC0-301F-11D3-BF4B-00C04F79EFBC}") = "Tyuiu.ShaykhelislamovaDA.Sprint4.Task0.V25.Test", "Tyuiu.ShaykhelislamovaDA.Sprint4.Task0.V25.Test\Tyuiu.ShaykhelislamovaDA.Sprint4.Task0.V25.Test.csproj", "{CEEF6F21-A922-40AF-B685-956F47AFCDD8}"
EndProject
Project("{2150E333-8FDC-42A3-9474-1A3956D46DE8}") = "Task1", "Task1", "{E0B2C93C-D56D-4D29-B57E-45161EFFC639}"
EndProject
Project("{FAE04EC0-301F-11D3-BF4B-00C04F79EFBC}") = "Tyuiu.ShaykhelislamovaDA.Sprint4.Task1.V8.Test", "Tyuiu.ShaykhelislamovaDA.Sprint4.Task1.V8.Test\Tyuiu.ShaykhelislamovaDA.Sprint4.Task1.V8.Test.csproj", "{42A31BC4-DA9C-4F3D-8D83-859CB5EDD420}"
EndProject
Project("{FAE04EC0-301F-11D3-BF4B-00C04F79EFBC}") = "Tyuiu.ShaykhelislamovaDA.Sprint4.Task1.V8.Lib", "Tyuiu.ShaykhelislamovaDA.Sprint4.Task1.V8.Lib\Tyuiu.ShaykhelislamovaDA.Sprint4.Task1.V8.Lib.csproj", "{F6350AFA-9015-40B0-97D8-B195E0661519}"
EndProject
Project("{FAE04EC0-301F-11D3-BF4B-00C04F79EFBC}") = "Tyuiu.ShaykhelislamovaDA.Sprint4.Task1.V8", "Tyuiu.ShaykhelislamovaDA.Sprint4.Task1.V8\Tyuiu.ShaykhelislamovaDA.Sprint4.Task1.V8.csproj", "{5AD28226-ED79-4E8E-B4EE-C4DFEB78C07D}"
EndProject
Project("{2150E333-8FDC-42A3-9474-1A3956D46DE8}") = "Task2", "Task2", "{C407DE46-9FBA-44C0-99B6-8177DE09503D}"
EndProject
Project("{FAE04EC0-301F-11D3-BF4B-00C04F79EFBC}") = "Tyuiu.ShaykhelislamovaDA.Sprint4.Task2.V28.Test", "Tyuiu.ShaykhelislamovaDA.Sprint4.Task2.V28.Test\Tyuiu.ShaykhelislamovaDA.Sprint4.Task2.V28.Test.csproj", "{753BE11F-8152-4041-BACA-A106F281CF96}"
EndProject
Project("{FAE04EC0-301F-11D3-BF4B-00C04F79EFBC}") = "Tyuiu.ShaykhelislamovaDA.Sprint4.Task2.V28.Lib", "Tyuiu.ShaykhelislamovaDA.Sprint4.Task2.V28.Lib\Tyuiu.ShaykhelislamovaDA.Sprint4.Task2.V28.Lib.csproj", "{3D213906-92C8-4F02-B7E1-E531BC884A3D}"
EndProject
Project("{FAE04EC0-301F-11D3-BF4B-00C04F79EFBC}") = "Tyuiu.ShaykhelislamovaDA.Sprint4.Task2.V28", "Tyuiu.ShaykhelislamovaDA.Sprint4.Task2.V28\Tyuiu.ShaykhelislamovaDA.Sprint4.Task2.V28.csproj", "{CAA775DE-B529-4338-BB9E-204266C9F7FC}"
EndProject
Project("{2150E333-8FDC-42A3-9474-1A3956D46DE8}") = "Task3", "Task3", "{BF7A9894-291E-4841-A08A-87EFCCBEC15E}"
EndProject
Project("{FAE04EC0-301F-11D3-BF4B-00C04F79EFBC}") = "Tyuiu.ShaykhelislamovaDA.Sprint4.Task3.V2.Test", "Tyuiu.ShaykhelislamovaDA.Sprint4.Task3.V2.Test\Tyuiu.ShaykhelislamovaDA.Sprint4.Task3.V2.Test.csproj", "{8471698A-37C2-4211-8296-039EE3022EC7}"
EndProject
Project("{FAE04EC0-301F-11D3-BF4B-00C04F79EFBC}") = "Tyuiu.ShaykhelislamovaDA.Sprint4.Task3.V2.Lib", "Tyuiu.ShaykhelislamovaDA.Sprint4.Task3.V2.Lib\Tyuiu.ShaykhelislamovaDA.Sprint4.Task3.V2.Lib.csproj", "{13004F7A-C111-4620-B3C4-653FBD0C5924}"
EndProject
Project("{FAE04EC0-301F-11D3-BF4B-00C04F79EFBC}") = "Tyuiu.ShaykhelislamovaDA.Sprint4.Task3.V2", "Tyuiu.ShaykhelislamovaDA.Sprint4.Task3.V2\Tyuiu.ShaykhelislamovaDA.Sprint4.Task3.V2.csproj", "{7C7784C7-8DD4-4C45-83F6-8907285789BB}"
EndProject
Global
	GlobalSection(SolutionConfigurationPlatforms) = preSolution
		Debug|Any CPU = Debug|Any CPU
		Release|Any CPU = Release|Any CPU
	EndGlobalSection
	GlobalSection(ProjectConfigurationPlatforms) = postSolution
		{44D505EE-3AD4-428F-BA6C-2B8147800CD1}.Debug|Any CPU.ActiveCfg = Debug|Any CPU
		{44D505EE-3AD4-428F-BA6C-2B8147800CD1}.Debug|Any CPU.Build.0 = Debug|Any CPU
		{44D505EE-3AD4-428F-BA6C-2B8147800CD1}.Release|Any CPU.ActiveCfg = Release|Any CPU
		{44D505EE-3AD4-428F-BA6C-2B8147800CD1}.Release|Any CPU.Build.0 = Release|Any CPU
		{E94F3016-4871-4BF9-81B9-F534246BEA20}.Debug|Any CPU.ActiveCfg = Debug|Any CPU
		{E94F3016-4871-4BF9-81B9-F534246BEA20}.Debug|Any CPU.Build.0 = Debug|Any CPU
		{E94F3016-4871-4BF9-81B9-F534246BEA20}.Release|Any CPU.ActiveCfg = Release|Any CPU
		{E94F3016-4871-4BF9-81B9-F534246BEA20}.Release|Any CPU.Build.0 = Release|Any CPU
		{CEEF6F21-A922-40AF-B685-956F47AFCDD8}.Debug|Any CPU.ActiveCfg = Debug|Any CPU
		{CEEF6F21-A922-40AF-B685-956F47AFCDD8}.Debug|Any CPU.Build.0 = Debug|Any CPU
		{CEEF6F21-A922-40AF-B685-956F47AFCDD8}.Release|Any CPU.ActiveCfg = Release|Any CPU
		{CEEF6F21-A922-40AF-B685-956F47AFCDD8}.Release|Any CPU.Build.0 = Release|Any CPU
		{42A31BC4-DA9C-4F3D-8D83-859CB5EDD420}.Debug|Any CPU.ActiveCfg = Debug|Any CPU
		{42A31BC4-DA9C-4F3D-8D83-859CB5EDD420}.Debug|Any CPU.Build.0 = Debug|Any CPU
		{42A31BC4-DA9C-4F3D-8D83-859CB5EDD420}.Release|Any CPU.ActiveCfg = Release|Any CPU
		{42A31BC4-DA9C-4F3D-8D83-859CB5EDD420}.Release|Any CPU.Build.0 = Release|Any CPU
		{F6350AFA-9015-40B0-97D8-B195E0661519}.Debug|Any CPU.ActiveCfg = Debug|Any CPU
		{F6350AFA-9015-40B0-97D8-B195E0661519}.Debug|Any CPU.Build.0 = Debug|Any CPU
		{F6350AFA-9015-40B0-97D8-B195E0661519}.Release|Any CPU.ActiveCfg = Release|Any CPU
		{F6350AFA-9015-40B0-97D8-B195E0661519}.Release|Any CPU.Build.0 = Release|Any CPU
		{5AD28226-ED79-4E8E-B4EE-C4DFEB78C07D}.Debug|Any CPU.ActiveCfg = Debug|Any CPU
		{5AD28226-ED79-4E8E-B4EE-C4DFEB78C07D}.Debug|Any CPU.Build.0 = Debug|Any CPU
		{5AD28226-ED79-4E8E-B4EE-C4DFEB78C07D}.Release|Any CPU.ActiveCfg = Release|Any CPU
		{5AD28226-ED79-4E8E-B4EE-C4DFEB78C07D}.Release|Any CPU.Build.0 = Release|Any CPU
		{753BE11F-8152-4041-BACA-A106F281CF96}.Debug|Any CPU.ActiveCfg = Debug|Any CPU
		{753BE11F-8152-4041-BACA-A106F281CF96}.Debug|Any CPU.Build.0 = Debug|Any CPU
		{753BE11F-8152-4041-BACA-A106F281CF96}.Release|Any CPU.ActiveCfg = Release|Any CPU
		{753BE11F-8152-4041-BACA-A106F281CF96}.Release|Any CPU.Build.0 = Release|Any CPU
		{3D213906-92C8-4F02-B7E1-E531BC884A3D}.Debug|Any CPU.ActiveCfg = Debug|Any CPU
		{3D213906-92C8-4F02-B7E1-E531BC884A3D}.Debug|Any CPU.Build.0 = Debug|Any CPU
		{3D213906-92C8-4F02-B7E1-E531BC884A3D}.Release|Any CPU.ActiveCfg = Release|Any CPU
		{3D213906-92C8-4F02-B7E1-E531BC884A3D}.Release|Any CPU.Build.0 = Release|Any CPU
		{CAA775DE-B529-4338-BB9E-204266C9F7FC}.Debug|Any CPU.ActiveCfg = Debug|Any CPU
		{CAA775DE-B529-4338-BB9E-204266C9F7FC}.Debug|Any CPU.Build.0 = Debug|Any CPU
		{CAA775DE-B529-4338-BB9E-204266C9F7FC}.Release|Any CPU.ActiveCfg = Release|Any CPU
		{CAA775DE-B529-4338-BB9E-204266C9F7FC}.Release|Any CPU.Build.0 = Release|Any CPU
		{8471698A-37C2-4211-8296-039EE3022EC7}.Debug|Any CPU.ActiveCfg = Debug|Any CPU
		{8471698A-37C2-4211-8296-039EE3022EC7}.Debug|Any CPU.Build.0 = Debug|Any CPU
		{8471698A-37C2-4211-8296-039EE3022EC7}.Release|Any CPU.ActiveCfg = Release|Any CPU
		{8471698A-37C2-4211-8296-039EE3022EC7}.Release|Any CPU.Build.0 = Release|Any CPU
		{13004F7A-C111-4620-B3C4-653FBD0C5924}.Debug|Any CPU.ActiveCfg = Debug|Any CPU
		{13004F7A-C111-4620-B3C4-653FBD0C5924}.Debug|Any CPU.Build.0 = Debug|Any CPU
		{13004F7A-C111-4620-B3C4-653FBD0C5924}.Release|Any CPU.ActiveCfg = Release|Any CPU
		{13004F7A-C111-4620-B3C4-653FBD0C5924}.Release|Any CPU.Build.0 = Release|Any CPU
		{7C7784C7-8DD4-4C45-83F6-8907285789BB}.Debug|Any CPU.ActiveCfg = Debug|Any CPU
		{7C7784C7-8DD4-4C45-83F6-8907285789BB}.Debug|Any CPU.Build.0 = Debug|Any CPU
		{7C7784C7-8DD4-4C45-83F6-8907285789BB}.Release|Any CPU.ActiveCfg = Release|Any CPU
		{7C7784C7-8DD4-4C45-83F6-8907285789BB}.Release|Any CPU.Build.0 = Release|Any CPU
	EndGlobalSection
	GlobalSection(SolutionProperties) = preSolution
		HideSolutionNode = FALSE
	EndGlobalSection
	GlobalSection(NestedProjects) = preSolution
		{44D505EE-3AD4-428F-BA6C-2B8147800CD1} = {02EA681E-C7D8-13C7-8484-4AC65E1B71E8}
		{E94F3016-4871-4BF9-81B9-F534246BEA20} = {02EA681E-C7D8-13C7-8484-4AC65E1B71E8}
		{CEEF6F21-A922-40AF-B685-956F47AFCDD8} = {02EA681E-C7D8-13C7-8484-4AC65E1B71E8}
		{42A31BC4-DA9C-4F3D-8D83-859CB5EDD420} = {E0B2C93C-D56D-4D29-B57E-45161EFFC639}
		{F6350AFA-9015-40B0-97D8-B195E0661519} = {E0B2C93C-D56D-4D29-B57E-45161EFFC639}
		{5AD28226-ED79-4E8E-B4EE-C4DFEB78C07D} = {E0B2C93C-D56D-4D29-B57E-45161EFFC639}
		{753BE11F-8152-4041-BACA-A106F281CF96} = {C407DE46-9FBA-44C0-99B6-8177DE09503D}
		{3D213906-92C8-4F02-B7E1-E531BC884A3D} = {C407DE46-9FBA-44C0-99B6-8177DE09503D}
		{CAA775DE-B529-4338-BB9E-204266C9F7FC} = {C407DE46-9FBA-44C0-99B6-8177DE09503D}
		{8471698A-37C2-4211-8296-039EE3022EC7} = {BF7A9894-291E-4841-A08A-87EFCCBEC15E}
		{13004F7A-C111-4620-B3C4-653FBD0C5924} = {BF7A9894-291E-4841-A08A-87EFCCBEC15E}
		{7C7784C7-8DD4-4C45-83F6-8907285789BB} = {BF7A9894-291E-4841-A08A-87EFCCBEC15E}
	EndGlobalSection
	GlobalSection(ExtensibilityGlobals) = postSolution
		SolutionGuid = {3A5478D0-C2EE-4740-8476-1AF8898268B9}
	EndGlobalSection
EndGlobal
